
Microsoft Visual Studio Solution File, Format Version 12.00
# Visual Studio 15
VisualStudioVersion = 15.0.27428.2015
MinimumVisualStudioVersion = 10.0.40219.1
Project("{FAE04EC0-301F-11D3-BF4B-00C04F79EFBC}") = "EpiscanScriptDemo", "EpiscanScriptDemo\EpiscanScriptDemo.csproj", "{35CC99B4-BC3B-4AF6-A278-452B77160247}"
EndProject
Project("{FAE04EC0-301F-11D3-BF4B-00C04F79EFBC}") = "HelperCamUtil", "HelperCamUtil\HelperCamUtil.csproj", "{9CE0EE2D-5700-444A-B5F8-AB4A15730BD1}"
EndProject
Project("{FAE04EC0-301F-11D3-BF4B-00C04F79EFBC}") = "EpiscanUtil", "EpiscanUtil\EpiscanUtil.csproj", "{AA9B52DE-21C7-42E3-9B54-EB9391935A4F}"
EndProject
Global
	GlobalSection(SolutionConfigurationPlatforms) = preSolution
		Debug|Any CPU = Debug|Any CPU
		Release|Any CPU = Release|Any CPU
	EndGlobalSection
	GlobalSection(ProjectConfigurationPlatforms) = postSolution
		{35CC99B4-BC3B-4AF6-A278-452B77160247}.Debug|Any CPU.ActiveCfg = Debug|Any CPU
		{35CC99B4-BC3B-4AF6-A278-452B77160247}.Debug|Any CPU.Build.0 = Debug|Any CPU
		{35CC99B4-BC3B-4AF6-A278-452B77160247}.Release|Any CPU.ActiveCfg = Release|Any CPU
		{35CC99B4-BC3B-4AF6-A278-452B77160247}.Release|Any CPU.Build.0 = Release|Any CPU
		{9CE0EE2D-5700-444A-B5F8-AB4A15730BD1}.Debug|Any CPU.ActiveCfg = Debug|Any CPU
		{9CE0EE2D-5700-444A-B5F8-AB4A15730BD1}.Debug|Any CPU.Build.0 = Debug|Any CPU
		{9CE0EE2D-5700-444A-B5F8-AB4A15730BD1}.Release|Any CPU.ActiveCfg = Release|Any CPU
		{9CE0EE2D-5700-444A-B5F8-AB4A15730BD1}.Release|Any CPU.Build.0 = Release|Any CPU
		{AA9B52DE-21C7-42E3-9B54-EB9391935A4F}.Debug|Any CPU.ActiveCfg = Debug|Any CPU
		{AA9B52DE-21C7-42E3-9B54-EB9391935A4F}.Debug|Any CPU.Build.0 = Debug|Any CPU
		{AA9B52DE-21C7-42E3-9B54-EB9391935A4F}.Release|Any CPU.ActiveCfg = Release|Any CPU
		{AA9B52DE-21C7-42E3-9B54-EB9391935A4F}.Release|Any CPU.Build.0 = Release|Any CPU
	EndGlobalSection
	GlobalSection(SolutionProperties) = preSolution
		HideSolutionNode = FALSE
	EndGlobalSection
	GlobalSection(ExtensibilityGlobals) = postSolution
		SolutionGuid = {C0060014-F4CA-4C3A-85CE-D6B98BE546A8}
	EndGlobalSection
EndGlobal
